// !$*UTF8*$!
{
	archiveVersion = 1;
	classes = {
	};
	objectVersion = 46;
	objects = {

/* Begin PBXBuildFile section */
		16C6DD26165F121E00D93094 /* testPicture.png in Resources */ = {isa = PBXBuildFile; fileRef = 16C6DD25165F121E00D93094 /* testPicture.png */; };
		1EF68D24164DCFBD003E495B /* AVFoundation.framework in Frameworks */ = {isa = PBXBuildFile; fileRef = 1EF68D23164DCFBD003E495B /* AVFoundation.framework */; };
		2A0D0B431660453B002DBC0C /* Gerenal.png in Resources */ = {isa = PBXBuildFile; fileRef = 2A0D0B421660453B002DBC0C /* Gerenal.png */; };
		2A0D0B4516604541002DBC0C /* LoginPage.png in Resources */ = {isa = PBXBuildFile; fileRef = 2A0D0B4416604541002DBC0C /* LoginPage.png */; };
		2A0D0B49166057D5002DBC0C /* LogOut.png in Resources */ = {isa = PBXBuildFile; fileRef = 2A0D0B48166057D5002DBC0C /* LogOut.png */; };
		2A0D0B4B166057DE002DBC0C /* ReportPage.png in Resources */ = {isa = PBXBuildFile; fileRef = 2A0D0B4A166057DE002DBC0C /* ReportPage.png */; };
		2A0D0B4D166057E2002DBC0C /* testMainOpenCal.png in Resources */ = {isa = PBXBuildFile; fileRef = 2A0D0B4C166057E2002DBC0C /* testMainOpenCal.png */; };
		2A0D0B6716606FBF002DBC0C /* confirmation.png in Resources */ = {isa = PBXBuildFile; fileRef = 2A0D0B6616606FBF002DBC0C /* confirmation.png */; };
		2A0D0B69166070BD002DBC0C /* signup.png in Resources */ = {isa = PBXBuildFile; fileRef = 2A0D0B68166070BD002DBC0C /* signup.png */; };
		2A224B5C165C817E00FA5184 /* ConfirmViewController.m in Sources */ = {isa = PBXBuildFile; fileRef = 2A224B5B165C817E00FA5184 /* ConfirmViewController.m */; };
		2A2919111644A6FF000462DF /* Icon-talking cal.png in Resources */ = {isa = PBXBuildFile; fileRef = 2A2919101644A6FF000462DF /* Icon-talking cal.png */; };
		2A3A144F164CA4D20025AB72 /* Accounts.m in Sources */ = {isa = PBXBuildFile; fileRef = 2A3A144E164CA4D20025AB72 /* Accounts.m */; };
		2A43B3AC164E0534002E061F /* espeak-data in Resources */ = {isa = PBXBuildFile; fileRef = 2A43B3AB164E0534002E061F /* espeak-data */; };
		2A43B3AD164E054F002E061F /* libeSpeak.a in Frameworks */ = {isa = PBXBuildFile; fileRef = 2A43B3A8164E0526002E061F /* libeSpeak.a */; };
		2A4A93541648707800EC2717 /* AuthenticationViewController.m in Sources */ = {isa = PBXBuildFile; fileRef = 2A4A93531648707800EC2717 /* AuthenticationViewController.m */; };
		2A4A935D164877FF00EC2717 /* talkingcalendar.db in Resources */ = {isa = PBXBuildFile; fileRef = 2A4A935C164877FF00EC2717 /* talkingcalendar.db */; };
		2A4A936316487B4800EC2717 /* libsqlite3.dylib in Frameworks */ = {isa = PBXBuildFile; fileRef = 2A4A936216487B4800EC2717 /* libsqlite3.dylib */; };
		2A5A1558165868FF002F9525 /* voiceRecPlay.m in Sources */ = {isa = PBXBuildFile; fileRef = 2A5A1557165868FF002F9525 /* voiceRecPlay.m */; };
		2AA44CDF165472F700FF330B /* GeneralEvents.m in Sources */ = {isa = PBXBuildFile; fileRef = 2AA44CDE165472F700FF330B /* GeneralEvents.m */; };
		2AA44CEC1654895B00FF330B /* LogOutViewController.m in Sources */ = {isa = PBXBuildFile; fileRef = 2AA44CEB1654895B00FF330B /* LogOutViewController.m */; };
		2AA450C7165DBA7800DA12DD /* ReportViewController.m in Sources */ = {isa = PBXBuildFile; fileRef = 2AA450C6165DBA7800DA12DD /* ReportViewController.m */; };
		2AA450CD165DC60200DA12DD /* MessageUI.framework in Frameworks */ = {isa = PBXBuildFile; fileRef = 2AA450CC165DC60200DA12DD /* MessageUI.framework */; };
		2AA7D7A5164DCF2E00781A58 /* SignUpViewController.m in Sources */ = {isa = PBXBuildFile; fileRef = 2AA7D7A4164DCF2E00781A58 /* SignUpViewController.m */; };
		5FFA9FC5163228B100FB0DF5 /* UIKit.framework in Frameworks */ = {isa = PBXBuildFile; fileRef = 5FFA9FC4163228B100FB0DF5 /* UIKit.framework */; };
		5FFA9FC7163228B100FB0DF5 /* Foundation.framework in Frameworks */ = {isa = PBXBuildFile; fileRef = 5FFA9FC6163228B100FB0DF5 /* Foundation.framework */; };
		5FFA9FC9163228B100FB0DF5 /* CoreGraphics.framework in Frameworks */ = {isa = PBXBuildFile; fileRef = 5FFA9FC8163228B100FB0DF5 /* CoreGraphics.framework */; };
		5FFA9FCF163228B100FB0DF5 /* InfoPlist.strings in Resources */ = {isa = PBXBuildFile; fileRef = 5FFA9FCD163228B100FB0DF5 /* InfoPlist.strings */; };
		5FFA9FD1163228B100FB0DF5 /* main.m in Sources */ = {isa = PBXBuildFile; fileRef = 5FFA9FD0163228B100FB0DF5 /* main.m */; };
		5FFA9FD5163228B100FB0DF5 /* AppDelegate.m in Sources */ = {isa = PBXBuildFile; fileRef = 5FFA9FD4163228B100FB0DF5 /* AppDelegate.m */; };
		5FFA9FD7163228B100FB0DF5 /* Default.png in Resources */ = {isa = PBXBuildFile; fileRef = 5FFA9FD6163228B100FB0DF5 /* Default.png */; };
		5FFA9FD9163228B100FB0DF5 /* Default@2x.png in Resources */ = {isa = PBXBuildFile; fileRef = 5FFA9FD8163228B100FB0DF5 /* Default@2x.png */; };
		5FFA9FDB163228B100FB0DF5 /* Default-568h@2x.png in Resources */ = {isa = PBXBuildFile; fileRef = 5FFA9FDA163228B100FB0DF5 /* Default-568h@2x.png */; };
		5FFA9FDE163228B100FB0DF5 /* MainStoryboard.storyboard in Resources */ = {isa = PBXBuildFile; fileRef = 5FFA9FDC163228B100FB0DF5 /* MainStoryboard.storyboard */; };
		5FFA9FE1163228B100FB0DF5 /* DayViewController.m in Sources */ = {isa = PBXBuildFile; fileRef = 5FFA9FE0163228B100FB0DF5 /* DayViewController.m */; };
		5FFA9FE9163228B100FB0DF5 /* SenTestingKit.framework in Frameworks */ = {isa = PBXBuildFile; fileRef = 5FFA9FE8163228B100FB0DF5 /* SenTestingKit.framework */; };
		5FFA9FEA163228B100FB0DF5 /* UIKit.framework in Frameworks */ = {isa = PBXBuildFile; fileRef = 5FFA9FC4163228B100FB0DF5 /* UIKit.framework */; };
		5FFA9FEB163228B100FB0DF5 /* Foundation.framework in Frameworks */ = {isa = PBXBuildFile; fileRef = 5FFA9FC6163228B100FB0DF5 /* Foundation.framework */; };
		5FFA9FF3163228B100FB0DF5 /* InfoPlist.strings in Resources */ = {isa = PBXBuildFile; fileRef = 5FFA9FF1163228B100FB0DF5 /* InfoPlist.strings */; };
		5FFA9FF6163228B100FB0DF5 /* TalkingCalendarTests.m in Sources */ = {isa = PBXBuildFile; fileRef = 5FFA9FF5163228B100FB0DF5 /* TalkingCalendarTests.m */; };
		5FFAA0101634B54C00FB0DF5 /* WeekViewController.m in Sources */ = {isa = PBXBuildFile; fileRef = 5FFAA00F1634B54C00FB0DF5 /* WeekViewController.m */; };
		5FFAA0111634B54C00FB0DF5 /* WeekViewController.m in Sources */ = {isa = PBXBuildFile; fileRef = 5FFAA00F1634B54C00FB0DF5 /* WeekViewController.m */; };
		5FFAA01B1634B63000FB0DF5 /* MonthViewController.m in Sources */ = {isa = PBXBuildFile; fileRef = 5FFAA01A1634B63000FB0DF5 /* MonthViewController.m */; };
		5FFAA01C1634B63000FB0DF5 /* MonthViewController.m in Sources */ = {isa = PBXBuildFile; fileRef = 5FFAA01A1634B63000FB0DF5 /* MonthViewController.m */; };
		5FFAA01F1634B64800FB0DF5 /* YearViewController.m in Sources */ = {isa = PBXBuildFile; fileRef = 5FFAA01E1634B64800FB0DF5 /* YearViewController.m */; };
		5FFAA0201634B64800FB0DF5 /* YearViewController.m in Sources */ = {isa = PBXBuildFile; fileRef = 5FFAA01E1634B64800FB0DF5 /* YearViewController.m */; };
		5FFAA0211634C24700FB0DF5 /* MainStoryboard.storyboard in Resources */ = {isa = PBXBuildFile; fileRef = 5FFA9FDC163228B100FB0DF5 /* MainStoryboard.storyboard */; };
		5FFAA02C1634D4E000FB0DF5 /* MainViewController.m in Sources */ = {isa = PBXBuildFile; fileRef = 5FFAA02B1634D4E000FB0DF5 /* MainViewController.m */; };
		5FFAA02D1634D4E000FB0DF5 /* MainViewController.m in Sources */ = {isa = PBXBuildFile; fileRef = 5FFAA02B1634D4E000FB0DF5 /* MainViewController.m */; };
/* End PBXBuildFile section */

/* Begin PBXContainerItemProxy section */
		2A43B3A7164E0526002E061F /* PBXContainerItemProxy */ = {
			isa = PBXContainerItemProxy;
			containerPortal = 2A43B39E164E0526002E061F /* eSpeak.xcodeproj */;
			proxyType = 2;
			remoteGlobalIDString = D2AAC07E0554694100DB518D;
			remoteInfo = eSpeak;
		};
		2A43B3A9164E0526002E061F /* PBXContainerItemProxy */ = {
			isa = PBXContainerItemProxy;
			containerPortal = 2A43B39E164E0526002E061F /* eSpeak.xcodeproj */;
			proxyType = 2;
			remoteGlobalIDString = C95FD76D1224230300219626;
			remoteInfo = TestApp;
		};
		5FFA9FEC163228B100FB0DF5 /* PBXContainerItemProxy */ = {
			isa = PBXContainerItemProxy;
			containerPortal = 5FFA9FB7163228B100FB0DF5 /* Project object */;
			proxyType = 1;
			remoteGlobalIDString = 5FFA9FBF163228B100FB0DF5;
			remoteInfo = TalkingCalendar;
		};
/* End PBXContainerItemProxy section */

/* Begin PBXFileReference section */
		16C6DD25165F121E00D93094 /* testPicture.png */ = {isa = PBXFileReference; lastKnownFileType = image.png; path = testPicture.png; sourceTree = "<group>"; };
		1EF68D23164DCFBD003E495B /* AVFoundation.framework */ = {isa = PBXFileReference; lastKnownFileType = wrapper.framework; name = AVFoundation.framework; path = System/Library/Frameworks/AVFoundation.framework; sourceTree = SDKROOT; };
		2A0D0B421660453B002DBC0C /* Gerenal.png */ = {isa = PBXFileReference; lastKnownFileType = image.png; path = Gerenal.png; sourceTree = "<group>"; };
		2A0D0B4416604541002DBC0C /* LoginPage.png */ = {isa = PBXFileReference; lastKnownFileType = image.png; path = LoginPage.png; sourceTree = "<group>"; };
		2A0D0B48166057D5002DBC0C /* LogOut.png */ = {isa = PBXFileReference; lastKnownFileType = image.png; path = LogOut.png; sourceTree = "<group>"; };
		2A0D0B4A166057DE002DBC0C /* ReportPage.png */ = {isa = PBXFileReference; lastKnownFileType = image.png; path = ReportPage.png; sourceTree = "<group>"; };
		2A0D0B4C166057E2002DBC0C /* testMainOpenCal.png */ = {isa = PBXFileReference; lastKnownFileType = image.png; path = testMainOpenCal.png; sourceTree = "<group>"; };
		2A0D0B6616606FBF002DBC0C /* confirmation.png */ = {isa = PBXFileReference; lastKnownFileType = image.png; path = confirmation.png; sourceTree = "<group>"; };
		2A0D0B68166070BD002DBC0C /* signup.png */ = {isa = PBXFileReference; lastKnownFileType = image.png; path = signup.png; sourceTree = "<group>"; };
		2A224B5A165C817E00FA5184 /* ConfirmViewController.h */ = {isa = PBXFileReference; fileEncoding = 4; lastKnownFileType = sourcecode.c.h; path = ConfirmViewController.h; sourceTree = "<group>"; };
		2A224B5B165C817E00FA5184 /* ConfirmViewController.m */ = {isa = PBXFileReference; fileEncoding = 4; lastKnownFileType = sourcecode.c.objc; path = ConfirmViewController.m; sourceTree = "<group>"; };
		2A2919101644A6FF000462DF /* Icon-talking cal.png */ = {isa = PBXFileReference; lastKnownFileType = image.png; path = "Icon-talking cal.png"; sourceTree = "<group>"; };
		2A3A144D164CA4D20025AB72 /* Accounts.h */ = {isa = PBXFileReference; fileEncoding = 4; lastKnownFileType = sourcecode.c.h; path = Accounts.h; sourceTree = "<group>"; };
		2A3A144E164CA4D20025AB72 /* Accounts.m */ = {isa = PBXFileReference; fileEncoding = 4; lastKnownFileType = sourcecode.c.objc; path = Accounts.m; sourceTree = "<group>"; };
		2A43B39E164E0526002E061F /* eSpeak.xcodeproj */ = {isa = PBXFileReference; lastKnownFileType = "wrapper.pb-project"; name = eSpeak.xcodeproj; path = eSpeak_1.0/eSpeak.xcodeproj; sourceTree = "<group>"; };
		2A43B3AB164E0534002E061F /* espeak-data */ = {isa = PBXFileReference; lastKnownFileType = folder; name = "espeak-data"; path = "../eSpeak_1.0/Libraries/espeak-data"; sourceTree = "<group>"; };
		2A4A93521648707800EC2717 /* AuthenticationViewController.h */ = {isa = PBXFileReference; fileEncoding = 4; lastKnownFileType = sourcecode.c.h; path = AuthenticationViewController.h; sourceTree = "<group>"; };
		2A4A93531648707800EC2717 /* AuthenticationViewController.m */ = {isa = PBXFileReference; fileEncoding = 4; lastKnownFileType = sourcecode.c.objc; path = AuthenticationViewController.m; sourceTree = "<group>"; };
		2A4A935C164877FF00EC2717 /* talkingcalendar.db */ = {isa = PBXFileReference; lastKnownFileType = file; path = talkingcalendar.db; sourceTree = "<group>"; };
		2A4A936216487B4800EC2717 /* libsqlite3.dylib */ = {isa = PBXFileReference; lastKnownFileType = "compiled.mach-o.dylib"; name = libsqlite3.dylib; path = usr/lib/libsqlite3.dylib; sourceTree = SDKROOT; };
		2A5A1556165868FF002F9525 /* voiceRecPlay.h */ = {isa = PBXFileReference; fileEncoding = 4; lastKnownFileType = sourcecode.c.h; path = voiceRecPlay.h; sourceTree = "<group>"; };
		2A5A1557165868FF002F9525 /* voiceRecPlay.m */ = {isa = PBXFileReference; fileEncoding = 4; lastKnownFileType = sourcecode.c.objc; path = voiceRecPlay.m; sourceTree = "<group>"; };
		2AA44CDD165472F700FF330B /* GeneralEvents.h */ = {isa = PBXFileReference; fileEncoding = 4; lastKnownFileType = sourcecode.c.h; path = GeneralEvents.h; sourceTree = "<group>"; };
		2AA44CDE165472F700FF330B /* GeneralEvents.m */ = {isa = PBXFileReference; fileEncoding = 4; lastKnownFileType = sourcecode.c.objc; path = GeneralEvents.m; sourceTree = "<group>"; };
		2AA44CEA1654895B00FF330B /* LogOutViewController.h */ = {isa = PBXFileReference; fileEncoding = 4; lastKnownFileType = sourcecode.c.h; path = LogOutViewController.h; sourceTree = "<group>"; };
		2AA44CEB1654895B00FF330B /* LogOutViewController.m */ = {isa = PBXFileReference; fileEncoding = 4; lastKnownFileType = sourcecode.c.objc; path = LogOutViewController.m; sourceTree = "<group>"; };
		2AA450C5165DBA7800DA12DD /* ReportViewController.h */ = {isa = PBXFileReference; fileEncoding = 4; lastKnownFileType = sourcecode.c.h; path = ReportViewController.h; sourceTree = "<group>"; };
		2AA450C6165DBA7800DA12DD /* ReportViewController.m */ = {isa = PBXFileReference; fileEncoding = 4; lastKnownFileType = sourcecode.c.objc; path = ReportViewController.m; sourceTree = "<group>"; };
		2AA450CC165DC60200DA12DD /* MessageUI.framework */ = {isa = PBXFileReference; lastKnownFileType = wrapper.framework; name = MessageUI.framework; path = System/Library/Frameworks/MessageUI.framework; sourceTree = SDKROOT; };
		2AA7D7A3164DCF2E00781A58 /* SignUpViewController.h */ = {isa = PBXFileReference; fileEncoding = 4; lastKnownFileType = sourcecode.c.h; path = SignUpViewController.h; sourceTree = "<group>"; };
		2AA7D7A4164DCF2E00781A58 /* SignUpViewController.m */ = {isa = PBXFileReference; fileEncoding = 4; lastKnownFileType = sourcecode.c.objc; path = SignUpViewController.m; sourceTree = "<group>"; };
		5FFA9FC0163228B100FB0DF5 /* TalkingCalendar.app */ = {isa = PBXFileReference; explicitFileType = wrapper.application; includeInIndex = 0; path = TalkingCalendar.app; sourceTree = BUILT_PRODUCTS_DIR; };
		5FFA9FC4163228B100FB0DF5 /* UIKit.framework */ = {isa = PBXFileReference; lastKnownFileType = wrapper.framework; name = UIKit.framework; path = System/Library/Frameworks/UIKit.framework; sourceTree = SDKROOT; };
		5FFA9FC6163228B100FB0DF5 /* Foundation.framework */ = {isa = PBXFileReference; lastKnownFileType = wrapper.framework; name = Foundation.framework; path = System/Library/Frameworks/Foundation.framework; sourceTree = SDKROOT; };
		5FFA9FC8163228B100FB0DF5 /* CoreGraphics.framework */ = {isa = PBXFileReference; lastKnownFileType = wrapper.framework; name = CoreGraphics.framework; path = System/Library/Frameworks/CoreGraphics.framework; sourceTree = SDKROOT; };
		5FFA9FCC163228B100FB0DF5 /* TalkingCalendar-Info.plist */ = {isa = PBXFileReference; lastKnownFileType = text.plist.xml; path = "TalkingCalendar-Info.plist"; sourceTree = "<group>"; };
		5FFA9FCE163228B100FB0DF5 /* en */ = {isa = PBXFileReference; lastKnownFileType = text.plist.strings; name = en; path = en.lproj/InfoPlist.strings; sourceTree = "<group>"; };
		5FFA9FD0163228B100FB0DF5 /* main.m */ = {isa = PBXFileReference; lastKnownFileType = sourcecode.c.objc; path = main.m; sourceTree = "<group>"; };
		5FFA9FD2163228B100FB0DF5 /* TalkingCalendar-Prefix.pch */ = {isa = PBXFileReference; lastKnownFileType = sourcecode.c.h; path = "TalkingCalendar-Prefix.pch"; sourceTree = "<group>"; };
		5FFA9FD3163228B100FB0DF5 /* AppDelegate.h */ = {isa = PBXFileReference; lastKnownFileType = sourcecode.c.h; path = AppDelegate.h; sourceTree = "<group>"; };
		5FFA9FD4163228B100FB0DF5 /* AppDelegate.m */ = {isa = PBXFileReference; lastKnownFileType = sourcecode.c.objc; path = AppDelegate.m; sourceTree = "<group>"; };
		5FFA9FD6163228B100FB0DF5 /* Default.png */ = {isa = PBXFileReference; lastKnownFileType = image.png; path = Default.png; sourceTree = "<group>"; };
		5FFA9FD8163228B100FB0DF5 /* Default@2x.png */ = {isa = PBXFileReference; lastKnownFileType = image.png; path = "Default@2x.png"; sourceTree = "<group>"; };
		5FFA9FDA163228B100FB0DF5 /* Default-568h@2x.png */ = {isa = PBXFileReference; lastKnownFileType = image.png; path = "Default-568h@2x.png"; sourceTree = "<group>"; };
		5FFA9FDD163228B100FB0DF5 /* en */ = {isa = PBXFileReference; lastKnownFileType = file.storyboard; name = en; path = en.lproj/MainStoryboard.storyboard; sourceTree = "<group>"; };
		5FFA9FDF163228B100FB0DF5 /* DayViewController.h */ = {isa = PBXFileReference; lastKnownFileType = sourcecode.c.h; path = DayViewController.h; sourceTree = "<group>"; };
		5FFA9FE0163228B100FB0DF5 /* DayViewController.m */ = {isa = PBXFileReference; lastKnownFileType = sourcecode.c.objc; path = DayViewController.m; sourceTree = "<group>"; };
		5FFA9FE7163228B100FB0DF5 /* TalkingCalendarTests.octest */ = {isa = PBXFileReference; explicitFileType = wrapper.cfbundle; includeInIndex = 0; path = TalkingCalendarTests.octest; sourceTree = BUILT_PRODUCTS_DIR; };
		5FFA9FE8163228B100FB0DF5 /* SenTestingKit.framework */ = {isa = PBXFileReference; lastKnownFileType = wrapper.framework; name = SenTestingKit.framework; path = Library/Frameworks/SenTestingKit.framework; sourceTree = DEVELOPER_DIR; };
		5FFA9FF0163228B100FB0DF5 /* TalkingCalendarTests-Info.plist */ = {isa = PBXFileReference; lastKnownFileType = text.plist.xml; path = "TalkingCalendarTests-Info.plist"; sourceTree = "<group>"; };
		5FFA9FF2163228B100FB0DF5 /* en */ = {isa = PBXFileReference; lastKnownFileType = text.plist.strings; name = en; path = en.lproj/InfoPlist.strings; sourceTree = "<group>"; };
		5FFA9FF4163228B100FB0DF5 /* TalkingCalendarTests.h */ = {isa = PBXFileReference; lastKnownFileType = sourcecode.c.h; path = TalkingCalendarTests.h; sourceTree = "<group>"; };
		5FFA9FF5163228B100FB0DF5 /* TalkingCalendarTests.m */ = {isa = PBXFileReference; lastKnownFileType = sourcecode.c.objc; path = TalkingCalendarTests.m; sourceTree = "<group>"; };
		5FFAA00E1634B54C00FB0DF5 /* WeekViewController.h */ = {isa = PBXFileReference; fileEncoding = 4; lastKnownFileType = sourcecode.c.h; path = WeekViewController.h; sourceTree = "<group>"; };
		5FFAA00F1634B54C00FB0DF5 /* WeekViewController.m */ = {isa = PBXFileReference; fileEncoding = 4; lastKnownFileType = sourcecode.c.objc; path = WeekViewController.m; sourceTree = "<group>"; };
		5FFAA0191634B63000FB0DF5 /* MonthViewController.h */ = {isa = PBXFileReference; fileEncoding = 4; lastKnownFileType = sourcecode.c.h; path = MonthViewController.h; sourceTree = "<group>"; };
		5FFAA01A1634B63000FB0DF5 /* MonthViewController.m */ = {isa = PBXFileReference; fileEncoding = 4; lastKnownFileType = sourcecode.c.objc; path = MonthViewController.m; sourceTree = "<group>"; };
		5FFAA01D1634B64800FB0DF5 /* YearViewController.h */ = {isa = PBXFileReference; fileEncoding = 4; lastKnownFileType = sourcecode.c.h; path = YearViewController.h; sourceTree = "<group>"; };
		5FFAA01E1634B64800FB0DF5 /* YearViewController.m */ = {isa = PBXFileReference; fileEncoding = 4; lastKnownFileType = sourcecode.c.objc; path = YearViewController.m; sourceTree = "<group>"; };
		5FFAA02A1634D4E000FB0DF5 /* MainViewController.h */ = {isa = PBXFileReference; fileEncoding = 4; lastKnownFileType = sourcecode.c.h; path = MainViewController.h; sourceTree = "<group>"; };
		5FFAA02B1634D4E000FB0DF5 /* MainViewController.m */ = {isa = PBXFileReference; fileEncoding = 4; lastKnownFileType = sourcecode.c.objc; path = MainViewController.m; sourceTree = "<group>"; };
/* End PBXFileReference section */

/* Begin PBXFrameworksBuildPhase section */
		5FFA9FBD163228B100FB0DF5 /* Frameworks */ = {
			isa = PBXFrameworksBuildPhase;
			buildActionMask = 2147483647;
			files = (
				2AA450CD165DC60200DA12DD /* MessageUI.framework in Frameworks */,
				2A43B3AD164E054F002E061F /* libeSpeak.a in Frameworks */,
				1EF68D24164DCFBD003E495B /* AVFoundation.framework in Frameworks */,
				2A4A936316487B4800EC2717 /* libsqlite3.dylib in Frameworks */,
				5FFA9FC5163228B100FB0DF5 /* UIKit.framework in Frameworks */,
				5FFA9FC7163228B100FB0DF5 /* Foundation.framework in Frameworks */,
				5FFA9FC9163228B100FB0DF5 /* CoreGraphics.framework in Frameworks */,
			);
			runOnlyForDeploymentPostprocessing = 0;
		};
		5FFA9FE3163228B100FB0DF5 /* Frameworks */ = {
			isa = PBXFrameworksBuildPhase;
			buildActionMask = 2147483647;
			files = (
				5FFA9FE9163228B100FB0DF5 /* SenTestingKit.framework in Frameworks */,
				5FFA9FEA163228B100FB0DF5 /* UIKit.framework in Frameworks */,
				5FFA9FEB163228B100FB0DF5 /* Foundation.framework in Frameworks */,
			);
			runOnlyForDeploymentPostprocessing = 0;
		};
/* End PBXFrameworksBuildPhase section */

/* Begin PBXGroup section */
		2A0D0B41166044ED002DBC0C /* Images */ = {
			isa = PBXGroup;
			children = (
				2A0D0B68166070BD002DBC0C /* signup.png */,
				2A0D0B6616606FBF002DBC0C /* confirmation.png */,
				2A0D0B4C166057E2002DBC0C /* testMainOpenCal.png */,
				2A0D0B4A166057DE002DBC0C /* ReportPage.png */,
				2A0D0B48166057D5002DBC0C /* LogOut.png */,
				2A0D0B4416604541002DBC0C /* LoginPage.png */,
				2A0D0B421660453B002DBC0C /* Gerenal.png */,
			);
			name = Images;
			sourceTree = "<group>";
		};
		2A43B39F164E0526002E061F /* Products */ = {
			isa = PBXGroup;
			children = (
				2A43B3A8164E0526002E061F /* libeSpeak.a */,
				2A43B3AA164E0526002E061F /* TestApp.app */,
			);
			name = Products;
			sourceTree = "<group>";
		};
		5FFA9FB5163228B100FB0DF5 = {
			isa = PBXGroup;
			children = (
				16C6DD25165F121E00D93094 /* testPicture.png */,
				1EF68D23164DCFBD003E495B /* AVFoundation.framework */,
				2AA450CC165DC60200DA12DD /* MessageUI.framework */,
				2A43B39E164E0526002E061F /* eSpeak.xcodeproj */,
				2A4A936216487B4800EC2717 /* libsqlite3.dylib */,
				2A2919101644A6FF000462DF /* Icon-talking cal.png */,
				5FFA9FCA163228B100FB0DF5 /* TalkingCalendar */,
				5FFA9FEE163228B100FB0DF5 /* TalkingCalendarTests */,
				5FFA9FC3163228B100FB0DF5 /* Frameworks */,
				5FFA9FC1163228B100FB0DF5 /* Products */,
			);
			sourceTree = "<group>";
			usesTabs = 0;
		};
		5FFA9FC1163228B100FB0DF5 /* Products */ = {
			isa = PBXGroup;
			children = (
				5FFA9FC0163228B100FB0DF5 /* TalkingCalendar.app */,
				5FFA9FE7163228B100FB0DF5 /* TalkingCalendarTests.octest */,
			);
			name = Products;
			sourceTree = "<group>";
		};
		5FFA9FC3163228B100FB0DF5 /* Frameworks */ = {
			isa = PBXGroup;
			children = (
				5FFA9FC4163228B100FB0DF5 /* UIKit.framework */,
				5FFA9FC6163228B100FB0DF5 /* Foundation.framework */,
				5FFA9FC8163228B100FB0DF5 /* CoreGraphics.framework */,
				5FFA9FE8163228B100FB0DF5 /* SenTestingKit.framework */,
			);
			name = Frameworks;
			sourceTree = "<group>";
		};
		5FFA9FCA163228B100FB0DF5 /* TalkingCalendar */ = {
			isa = PBXGroup;
			children = (
				2A0D0B41166044ED002DBC0C /* Images */,
				2A3A144D164CA4D20025AB72 /* Accounts.h */,
				2A3A144E164CA4D20025AB72 /* Accounts.m */,
				5FFA9FD3163228B100FB0DF5 /* AppDelegate.h */,
				5FFA9FD4163228B100FB0DF5 /* AppDelegate.m */,
				5FFA9FDC163228B100FB0DF5 /* MainStoryboard.storyboard */,
				2A5A1556165868FF002F9525 /* voiceRecPlay.h */,
				2A5A1557165868FF002F9525 /* voiceRecPlay.m */,
				2A4A93521648707800EC2717 /* AuthenticationViewController.h */,
				2A4A93531648707800EC2717 /* AuthenticationViewController.m */,
				2AA44CDD165472F700FF330B /* GeneralEvents.h */,
				2AA44CDE165472F700FF330B /* GeneralEvents.m */,
				2A224B5A165C817E00FA5184 /* ConfirmViewController.h */,
				2A224B5B165C817E00FA5184 /* ConfirmViewController.m */,
				5FFA9FDF163228B100FB0DF5 /* DayViewController.h */,
				5FFA9FE0163228B100FB0DF5 /* DayViewController.m */,
				5FFAA00E1634B54C00FB0DF5 /* WeekViewController.h */,
				5FFAA00F1634B54C00FB0DF5 /* WeekViewController.m */,
				5FFAA02A1634D4E000FB0DF5 /* MainViewController.h */,
				5FFAA02B1634D4E000FB0DF5 /* MainViewController.m */,
				5FFAA0191634B63000FB0DF5 /* MonthViewController.h */,
				5FFAA01A1634B63000FB0DF5 /* MonthViewController.m */,
				5FFAA01D1634B64800FB0DF5 /* YearViewController.h */,
				5FFAA01E1634B64800FB0DF5 /* YearViewController.m */,
				2AA44CEA1654895B00FF330B /* LogOutViewController.h */,
				2AA44CEB1654895B00FF330B /* LogOutViewController.m */,
				2AA7D7A3164DCF2E00781A58 /* SignUpViewController.h */,
				2AA7D7A4164DCF2E00781A58 /* SignUpViewController.m */,
				2AA450C5165DBA7800DA12DD /* ReportViewController.h */,
				2AA450C6165DBA7800DA12DD /* ReportViewController.m */,
				5FFA9FCB163228B100FB0DF5 /* Supporting Files */,
			);
			path = TalkingCalendar;
			sourceTree = "<group>";
		};
		5FFA9FCB163228B100FB0DF5 /* Supporting Files */ = {
			isa = PBXGroup;
			children = (
				2A4A935C164877FF00EC2717 /* talkingcalendar.db */,
				2A43B3AB164E0534002E061F /* espeak-data */,
				5FFA9FCC163228B100FB0DF5 /* TalkingCalendar-Info.plist */,
				5FFA9FCD163228B100FB0DF5 /* InfoPlist.strings */,
				5FFA9FD0163228B100FB0DF5 /* main.m */,
				5FFA9FD2163228B100FB0DF5 /* TalkingCalendar-Prefix.pch */,
				5FFA9FD6163228B100FB0DF5 /* Default.png */,
				5FFA9FD8163228B100FB0DF5 /* Default@2x.png */,
				5FFA9FDA163228B100FB0DF5 /* Default-568h@2x.png */,
			);
			name = "Supporting Files";
			sourceTree = "<group>";
		};
		5FFA9FEE163228B100FB0DF5 /* TalkingCalendarTests */ = {
			isa = PBXGroup;
			children = (
				5FFA9FF4163228B100FB0DF5 /* TalkingCalendarTests.h */,
				5FFA9FF5163228B100FB0DF5 /* TalkingCalendarTests.m */,
				5FFA9FEF163228B100FB0DF5 /* Supporting Files */,
			);
			path = TalkingCalendarTests;
			sourceTree = "<group>";
		};
		5FFA9FEF163228B100FB0DF5 /* Supporting Files */ = {
			isa = PBXGroup;
			children = (
				5FFA9FF0163228B100FB0DF5 /* TalkingCalendarTests-Info.plist */,
				5FFA9FF1163228B100FB0DF5 /* InfoPlist.strings */,
			);
			name = "Supporting Files";
			sourceTree = "<group>";
		};
/* End PBXGroup section */

/* Begin PBXNativeTarget section */
		5FFA9FBF163228B100FB0DF5 /* TalkingCalendar */ = {
			isa = PBXNativeTarget;
			buildConfigurationList = 5FFA9FF9163228B100FB0DF5 /* Build configuration list for PBXNativeTarget "TalkingCalendar" */;
			buildPhases = (
				5FFA9FBC163228B100FB0DF5 /* Sources */,
				5FFA9FBD163228B100FB0DF5 /* Frameworks */,
				5FFA9FBE163228B100FB0DF5 /* Resources */,
			);
			buildRules = (
			);
			dependencies = (
			);
			name = TalkingCalendar;
			productName = TalkingCalendar;
			productReference = 5FFA9FC0163228B100FB0DF5 /* TalkingCalendar.app */;
			productType = "com.apple.product-type.application";
		};
		5FFA9FE6163228B100FB0DF5 /* TalkingCalendarTests */ = {
			isa = PBXNativeTarget;
			buildConfigurationList = 5FFA9FFC163228B100FB0DF5 /* Build configuration list for PBXNativeTarget "TalkingCalendarTests" */;
			buildPhases = (
				5FFA9FE2163228B100FB0DF5 /* Sources */,
				5FFA9FE3163228B100FB0DF5 /* Frameworks */,
				5FFA9FE4163228B100FB0DF5 /* Resources */,
				5FFA9FE5163228B100FB0DF5 /* ShellScript */,
			);
			buildRules = (
			);
			dependencies = (
				5FFA9FED163228B100FB0DF5 /* PBXTargetDependency */,
			);
			name = TalkingCalendarTests;
			productName = TalkingCalendarTests;
			productReference = 5FFA9FE7163228B100FB0DF5 /* TalkingCalendarTests.octest */;
			productType = "com.apple.product-type.bundle";
		};
/* End PBXNativeTarget section */

/* Begin PBXProject section */
		5FFA9FB7163228B100FB0DF5 /* Project object */ = {
			isa = PBXProject;
			attributes = {
				LastUpgradeCheck = 0450;
				ORGANIZATIONNAME = "Vito Wang";
			};
			buildConfigurationList = 5FFA9FBA163228B100FB0DF5 /* Build configuration list for PBXProject "TalkingCalendar" */;
			compatibilityVersion = "Xcode 3.2";
			developmentRegion = English;
			hasScannedForEncodings = 0;
			knownRegions = (
				en,
			);
			mainGroup = 5FFA9FB5163228B100FB0DF5;
			productRefGroup = 5FFA9FC1163228B100FB0DF5 /* Products */;
			projectDirPath = "";
			projectReferences = (
				{
					ProductGroup = 2A43B39F164E0526002E061F /* Products */;
					ProjectRef = 2A43B39E164E0526002E061F /* eSpeak.xcodeproj */;
				},
			);
			projectRoot = "";
			targets = (
				5FFA9FBF163228B100FB0DF5 /* TalkingCalendar */,
				5FFA9FE6163228B100FB0DF5 /* TalkingCalendarTests */,
			);
		};
/* End PBXProject section */

/* Begin PBXReferenceProxy section */
		2A43B3A8164E0526002E061F /* libeSpeak.a */ = {
			isa = PBXReferenceProxy;
			fileType = archive.ar;
			path = libeSpeak.a;
			remoteRef = 2A43B3A7164E0526002E061F /* PBXContainerItemProxy */;
			sourceTree = BUILT_PRODUCTS_DIR;
		};
		2A43B3AA164E0526002E061F /* TestApp.app */ = {
			isa = PBXReferenceProxy;
			fileType = wrapper.application;
			path = TestApp.app;
			remoteRef = 2A43B3A9164E0526002E061F /* PBXContainerItemProxy */;
			sourceTree = BUILT_PRODUCTS_DIR;
		};
/* End PBXReferenceProxy section */

/* Begin PBXResourcesBuildPhase section */
		5FFA9FBE163228B100FB0DF5 /* Resources */ = {
			isa = PBXResourcesBuildPhase;
			buildActionMask = 2147483647;
			files = (
				5FFA9FCF163228B100FB0DF5 /* InfoPlist.strings in Resources */,
				5FFA9FD7163228B100FB0DF5 /* Default.png in Resources */,
				5FFA9FD9163228B100FB0DF5 /* Default@2x.png in Resources */,
				5FFA9FDB163228B100FB0DF5 /* Default-568h@2x.png in Resources */,
				5FFA9FDE163228B100FB0DF5 /* MainStoryboard.storyboard in Resources */,
				2A2919111644A6FF000462DF /* Icon-talking cal.png in Resources */,
				2A4A935D164877FF00EC2717 /* talkingcalendar.db in Resources */,
				2A43B3AC164E0534002E061F /* espeak-data in Resources */,
				16C6DD26165F121E00D93094 /* testPicture.png in Resources */,
				2A0D0B431660453B002DBC0C /* Gerenal.png in Resources */,
				2A0D0B4516604541002DBC0C /* LoginPage.png in Resources */,
				2A0D0B49166057D5002DBC0C /* LogOut.png in Resources */,
				2A0D0B4B166057DE002DBC0C /* ReportPage.png in Resources */,
				2A0D0B4D166057E2002DBC0C /* testMainOpenCal.png in Resources */,
				2A0D0B6716606FBF002DBC0C /* confirmation.png in Resources */,
				2A0D0B69166070BD002DBC0C /* signup.png in Resources */,
			);
			runOnlyForDeploymentPostprocessing = 0;
		};
		5FFA9FE4163228B100FB0DF5 /* Resources */ = {
			isa = PBXResourcesBuildPhase;
			buildActionMask = 2147483647;
			files = (
				5FFA9FF3163228B100FB0DF5 /* InfoPlist.strings in Resources */,
				5FFAA0211634C24700FB0DF5 /* MainStoryboard.storyboard in Resources */,
			);
			runOnlyForDeploymentPostprocessing = 0;
		};
/* End PBXResourcesBuildPhase section */

/* Begin PBXShellScriptBuildPhase section */
		5FFA9FE5163228B100FB0DF5 /* ShellScript */ = {
			isa = PBXShellScriptBuildPhase;
			buildActionMask = 2147483647;
			files = (
			);
			inputPaths = (
			);
			outputPaths = (
			);
			runOnlyForDeploymentPostprocessing = 0;
			shellPath = /bin/sh;
			shellScript = "# Run the unit tests in this test bundle.\n\"${SYSTEM_DEVELOPER_DIR}/Tools/RunUnitTests\"\n";
		};
/* End PBXShellScriptBuildPhase section */

/* Begin PBXSourcesBuildPhase section */
		5FFA9FBC163228B100FB0DF5 /* Sources */ = {
			isa = PBXSourcesBuildPhase;
			buildActionMask = 2147483647;
			files = (
				5FFA9FD1163228B100FB0DF5 /* main.m in Sources */,
				5FFA9FD5163228B100FB0DF5 /* AppDelegate.m in Sources */,
				5FFA9FE1163228B100FB0DF5 /* DayViewController.m in Sources */,
				5FFAA0101634B54C00FB0DF5 /* WeekViewController.m in Sources */,
				5FFAA01B1634B63000FB0DF5 /* MonthViewController.m in Sources */,
				5FFAA01F1634B64800FB0DF5 /* YearViewController.m in Sources */,
				5FFAA02C1634D4E000FB0DF5 /* MainViewController.m in Sources */,
				2A4A93541648707800EC2717 /* AuthenticationViewController.m in Sources */,
				2A3A144F164CA4D20025AB72 /* Accounts.m in Sources */,
				2AA7D7A5164DCF2E00781A58 /* SignUpViewController.m in Sources */,
				2AA44CDF165472F700FF330B /* GeneralEvents.m in Sources */,
				2AA44CEC1654895B00FF330B /* LogOutViewController.m in Sources */,
				2A5A1558165868FF002F9525 /* voiceRecPlay.m in Sources */,
				2A224B5C165C817E00FA5184 /* ConfirmViewController.m in Sources */,
				2AA450C7165DBA7800DA12DD /* ReportViewController.m in Sources */,
			);
			runOnlyForDeploymentPostprocessing = 0;
		};
		5FFA9FE2163228B100FB0DF5 /* Sources */ = {
			isa = PBXSourcesBuildPhase;
			buildActionMask = 2147483647;
			files = (
				5FFA9FF6163228B100FB0DF5 /* TalkingCalendarTests.m in Sources */,
				5FFAA0111634B54C00FB0DF5 /* WeekViewController.m in Sources */,
				5FFAA01C1634B63000FB0DF5 /* MonthViewController.m in Sources */,
				5FFAA0201634B64800FB0DF5 /* YearViewController.m in Sources */,
				5FFAA02D1634D4E000FB0DF5 /* MainViewController.m in Sources */,
			);
			runOnlyForDeploymentPostprocessing = 0;
		};
/* End PBXSourcesBuildPhase section */

/* Begin PBXTargetDependency section */
		5FFA9FED163228B100FB0DF5 /* PBXTargetDependency */ = {
			isa = PBXTargetDependency;
			target = 5FFA9FBF163228B100FB0DF5 /* TalkingCalendar */;
			targetProxy = 5FFA9FEC163228B100FB0DF5 /* PBXContainerItemProxy */;
		};
/* End PBXTargetDependency section */

/* Begin PBXVariantGroup section */
		5FFA9FCD163228B100FB0DF5 /* InfoPlist.strings */ = {
			isa = PBXVariantGroup;
			children = (
				5FFA9FCE163228B100FB0DF5 /* en */,
			);
			name = InfoPlist.strings;
			sourceTree = "<group>";
		};
		5FFA9FDC163228B100FB0DF5 /* MainStoryboard.storyboard */ = {
			isa = PBXVariantGroup;
			children = (
				5FFA9FDD163228B100FB0DF5 /* en */,
			);
			name = MainStoryboard.storyboard;
			sourceTree = "<group>";
		};
		5FFA9FF1163228B100FB0DF5 /* InfoPlist.strings */ = {
			isa = PBXVariantGroup;
			children = (
				5FFA9FF2163228B100FB0DF5 /* en */,
			);
			name = InfoPlist.strings;
			sourceTree = "<group>";
		};
/* End PBXVariantGroup section */

/* Begin XCBuildConfiguration section */
		5FFA9FF7163228B100FB0DF5 /* Debug */ = {
			isa = XCBuildConfiguration;
			buildSettings = {
				ALWAYS_SEARCH_USER_PATHS = NO;
				CLANG_CXX_LANGUAGE_STANDARD = "gnu++0x";
				CLANG_CXX_LIBRARY = "libc++";
				CLANG_ENABLE_OBJC_ARC = YES;
				CLANG_WARN_EMPTY_BODY = YES;
				CLANG_WARN__DUPLICATE_METHOD_MATCH = YES;
				"CODE_SIGN_IDENTITY[sdk=iphoneos*]" = "iPhone Developer";
				COPY_PHASE_STRIP = NO;
				GCC_C_LANGUAGE_STANDARD = gnu99;
				GCC_DYNAMIC_NO_PIC = NO;
				GCC_OPTIMIZATION_LEVEL = 0;
				GCC_PREPROCESSOR_DEFINITIONS = (
					"DEBUG=1",
					"$(inherited)",
				);
				GCC_SYMBOLS_PRIVATE_EXTERN = NO;
				GCC_WARN_ABOUT_RETURN_TYPE = YES;
				GCC_WARN_UNINITIALIZED_AUTOS = YES;
				GCC_WARN_UNUSED_VARIABLE = YES;
				HEADER_SEARCH_PATHS = /Users/bnabaei/Desktop/eSpeak_1.0/Classes;
				IPHONEOS_DEPLOYMENT_TARGET = 6.0;
				ONLY_ACTIVE_ARCH = YES;
				SDKROOT = iphoneos;
			};
			name = Debug;
		};
		5FFA9FF8163228B100FB0DF5 /* Release */ = {
			isa = XCBuildConfiguration;
			buildSettings = {
				ALWAYS_SEARCH_USER_PATHS = NO;
				CLANG_CXX_LANGUAGE_STANDARD = "gnu++0x";
				CLANG_CXX_LIBRARY = "libc++";
				CLANG_ENABLE_OBJC_ARC = YES;
				CLANG_WARN_EMPTY_BODY = YES;
				CLANG_WARN__DUPLICATE_METHOD_MATCH = YES;
				"CODE_SIGN_IDENTITY[sdk=iphoneos*]" = "iPhone Developer";
				COPY_PHASE_STRIP = YES;
				GCC_C_LANGUAGE_STANDARD = gnu99;
				GCC_WARN_ABOUT_RETURN_TYPE = YES;
				GCC_WARN_UNINITIALIZED_AUTOS = YES;
				GCC_WARN_UNUSED_VARIABLE = YES;
				HEADER_SEARCH_PATHS = /Users/bnabaei/Desktop/eSpeak_1.0/Classes;
				IPHONEOS_DEPLOYMENT_TARGET = 6.0;
				OTHER_CFLAGS = "-DNS_BLOCK_ASSERTIONS=1";
				SDKROOT = iphoneos;
				VALIDATE_PRODUCT = YES;
			};
			name = Release;
		};
		5FFA9FFA163228B100FB0DF5 /* Debug */ = {
			isa = XCBuildConfiguration;
			buildSettings = {
				GCC_PRECOMPILE_PREFIX_HEADER = YES;
				GCC_PREFIX_HEADER = "TalkingCalendar/TalkingCalendar-Prefix.pch";
				HEADER_SEARCH_PATHS = ./eSpeak_1.0/Classes;
				INFOPLIST_FILE = "TalkingCalendar/TalkingCalendar-Info.plist";
				IPHONEOS_DEPLOYMENT_TARGET = 5.0;
				PRODUCT_NAME = "$(TARGET_NAME)";
				WRAPPER_EXTENSION = app;
			};
			name = Debug;
		};
		5FFA9FFB163228B100FB0DF5 /* Release */ = {
			isa = XCBuildConfiguration;
			buildSettings = {
				GCC_PRECOMPILE_PREFIX_HEADER = YES;
				GCC_PREFIX_HEADER = "TalkingCalendar/TalkingCalendar-Prefix.pch";
				HEADER_SEARCH_PATHS = ./eSpeak_1.0/Classes;
				INFOPLIST_FILE = "TalkingCalendar/TalkingCalendar-Info.plist";
				IPHONEOS_DEPLOYMENT_TARGET = 5.0;
				PRODUCT_NAME = "$(TARGET_NAME)";
				WRAPPER_EXTENSION = app;
			};
			name = Release;
		};
		5FFA9FFD163228B100FB0DF5 /* Debug */ = {
			isa = XCBuildConfiguration;
			buildSettings = {
				BUNDLE_LOADER = "$(BUILT_PRODUCTS_DIR)/TalkingCalendar.app/TalkingCalendar";
				FRAMEWORK_SEARCH_PATHS = (
					"\"$(SDKROOT)/Developer/Library/Frameworks\"",
					"\"$(DEVELOPER_LIBRARY_DIR)/Frameworks\"",
				);
				GCC_PRECOMPILE_PREFIX_HEADER = YES;
				GCC_PREFIX_HEADER = "TalkingCalendar/TalkingCalendar-Prefix.pch";
				INFOPLIST_FILE = "TalkingCalendarTests/TalkingCalendarTests-Info.plist";
				PRODUCT_NAME = "$(TARGET_NAME)";
				TEST_HOST = "$(BUNDLE_LOADER)";
				WRAPPER_EXTENSION = octest;
			};
			name = Debug;
		};
		5FFA9FFE163228B100FB0DF5 /* Release */ = {
			isa = XCBuildConfiguration;
			buildSettings = {
				BUNDLE_LOADER = "$(BUILT_PRODUCTS_DIR)/TalkingCalendar.app/TalkingCalendar";
				FRAMEWORK_SEARCH_PATHS = (
					"\"$(SDKROOT)/Developer/Library/Frameworks\"",
					"\"$(DEVELOPER_LIBRARY_DIR)/Frameworks\"",
				);
				GCC_PRECOMPILE_PREFIX_HEADER = YES;
				GCC_PREFIX_HEADER = "TalkingCalendar/TalkingCalendar-Prefix.pch";
				INFOPLIST_FILE = "TalkingCalendarTests/TalkingCalendarTests-Info.plist";
				PRODUCT_NAME = "$(TARGET_NAME)";
				TEST_HOST = "$(BUNDLE_LOADER)";
				WRAPPER_EXTENSION = octest;
			};
			name = Release;
		};
/* End XCBuildConfiguration section */

/* Begin XCConfigurationList section */
		5FFA9FBA163228B100FB0DF5 /* Build configuration list for PBXProject "TalkingCalendar" */ = {
			isa = XCConfigurationList;
			buildConfigurations = (
				5FFA9FF7163228B100FB0DF5 /* Debug */,
				5FFA9FF8163228B100FB0DF5 /* Release */,
			);
			defaultConfigurationIsVisible = 0;
			defaultConfigurationName = Release;
		};
		5FFA9FF9163228B100FB0DF5 /* Build configuration list for PBXNativeTarget "TalkingCalendar" */ = {
			isa = XCConfigurationList;
			buildConfigurations = (
				5FFA9FFA163228B100FB0DF5 /* Debug */,
				5FFA9FFB163228B100FB0DF5 /* Release */,
			);
			defaultConfigurationIsVisible = 0;
			defaultConfigurationName = Release;
		};
		5FFA9FFC163228B100FB0DF5 /* Build configuration list for PBXNativeTarget "TalkingCalendarTests" */ = {
			isa = XCConfigurationList;
			buildConfigurations = (
				5FFA9FFD163228B100FB0DF5 /* Debug */,
				5FFA9FFE163228B100FB0DF5 /* Release */,
			);
			defaultConfigurationIsVisible = 0;
			defaultConfigurationName = Release;
		};
/* End XCConfigurationList section */
	};
	rootObject = 5FFA9FB7163228B100FB0DF5 /* Project object */;
}
