// !$*UTF8*$!
{
	archiveVersion = 1;
	classes = {
	};
	objectVersion = 46;
	objects = {

/* Begin PBXBuildFile section */
		2A2919111644A6FF000462DF /* Icon-talking cal.png in Resources */ = {isa = PBXBuildFile; fileRef = 2A2919101644A6FF000462DF /* Icon-talking cal.png */; };
		5FFA9FC5163228B100FB0DF5 /* UIKit.framework in Frameworks */ = {isa = PBXBuildFile; fileRef = 5FFA9FC4163228B100FB0DF5 /* UIKit.framework */; };
		5FFA9FC7163228B100FB0DF5 /* Foundation.framework in Frameworks */ = {isa = PBXBuildFile; fileRef = 5FFA9FC6163228B100FB0DF5 /* Foundation.framework */; };
		5FFA9FC9163228B100FB0DF5 /* CoreGraphics.framework in Frameworks */ = {isa = PBXBuildFile; fileRef = 5FFA9FC8163228B100FB0DF5 /* CoreGraphics.framework */; };
		5FFA9FCF163228B100FB0DF5 /* InfoPlist.strings in Resources */ = {isa = PBXBuildFile; fileRef = 5FFA9FCD163228B100FB0DF5 /* InfoPlist.strings */; };
		5FFA9FD1163228B100FB0DF5 /* main.m in Sources */ = {isa = PBXBuildFile; fileRef = 5FFA9FD0163228B100FB0DF5 /* main.m */; };
		5FFA9FD5163228B100FB0DF5 /* AppDelegate.m in Sources */ = {isa = PBXBuildFile; fileRef = 5FFA9FD4163228B100FB0DF5 /* AppDelegate.m */; };
		5FFA9FD7163228B100FB0DF5 /* Default.png in Resources */ = {isa = PBXBuildFile; fileRef = 5FFA9FD6163228B100FB0DF5 /* Default.png */; };
		5FFA9FD9163228B100FB0DF5 /* Default@2x.png in Resources */ = {isa = PBXBuildFile; fileRef = 5FFA9FD8163228B100FB0DF5 /* Default@2x.png */; };
		5FFA9FDB163228B100FB0DF5 /* Default-568h@2x.png in Resources */ = {isa = PBXBuildFile; fileRef = 5FFA9FDA163228B100FB0DF5 /* Default-568h@2x.png */; };
		5FFA9FDE163228B100FB0DF5 /* MainStoryboard.storyboard in Resources */ = {isa = PBXBuildFile; fileRef = 5FFA9FDC163228B100FB0DF5 /* MainStoryboard.storyboard */; };
		5FFA9FE1163228B100FB0DF5 /* DayViewController.m in Sources */ = {isa = PBXBuildFile; fileRef = 5FFA9FE0163228B100FB0DF5 /* DayViewController.m */; };
		5FFA9FE9163228B100FB0DF5 /* SenTestingKit.framework in Frameworks */ = {isa = PBXBuildFile; fileRef = 5FFA9FE8163228B100FB0DF5 /* SenTestingKit.framework */; };
		5FFA9FEA163228B100FB0DF5 /* UIKit.framework in Frameworks */ = {isa = PBXBuildFile; fileRef = 5FFA9FC4163228B100FB0DF5 /* UIKit.framework */; };
		5FFA9FEB163228B100FB0DF5 /* Foundation.framework in Frameworks */ = {isa = PBXBuildFile; fileRef = 5FFA9FC6163228B100FB0DF5 /* Foundation.framework */; };
		5FFA9FF3163228B100FB0DF5 /* InfoPlist.strings in Resources */ = {isa = PBXBuildFile; fileRef = 5FFA9FF1163228B100FB0DF5 /* InfoPlist.strings */; };
		5FFA9FF6163228B100FB0DF5 /* TalkingCalendarTests.m in Sources */ = {isa = PBXBuildFile; fileRef = 5FFA9FF5163228B100FB0DF5 /* TalkingCalendarTests.m */; };
		5FFAA0101634B54C00FB0DF5 /* WeekViewController.m in Sources */ = {isa = PBXBuildFile; fileRef = 5FFAA00F1634B54C00FB0DF5 /* WeekViewController.m */; };
		5FFAA0111634B54C00FB0DF5 /* WeekViewController.m in Sources */ = {isa = PBXBuildFile; fileRef = 5FFAA00F1634B54C00FB0DF5 /* WeekViewController.m */; };
		5FFAA01B1634B63000FB0DF5 /* MonthViewController.m in Sources */ = {isa = PBXBuildFile; fileRef = 5FFAA01A1634B63000FB0DF5 /* MonthViewController.m */; };
		5FFAA01C1634B63000FB0DF5 /* MonthViewController.m in Sources */ = {isa = PBXBuildFile; fileRef = 5FFAA01A1634B63000FB0DF5 /* MonthViewController.m */; };
		5FFAA01F1634B64800FB0DF5 /* YearViewController.m in Sources */ = {isa = PBXBuildFile; fileRef = 5FFAA01E1634B64800FB0DF5 /* YearViewController.m */; };
		5FFAA0201634B64800FB0DF5 /* YearViewController.m in Sources */ = {isa = PBXBuildFile; fileRef = 5FFAA01E1634B64800FB0DF5 /* YearViewController.m */; };
		5FFAA0211634C24700FB0DF5 /* MainStoryboard.storyboard in Resources */ = {isa = PBXBuildFile; fileRef = 5FFA9FDC163228B100FB0DF5 /* MainStoryboard.storyboard */; };
		5FFAA02C1634D4E000FB0DF5 /* MainViewController.m in Sources */ = {isa = PBXBuildFile; fileRef = 5FFAA02B1634D4E000FB0DF5 /* MainViewController.m */; };
		5FFAA02D1634D4E000FB0DF5 /* MainViewController.m in Sources */ = {isa = PBXBuildFile; fileRef = 5FFAA02B1634D4E000FB0DF5 /* MainViewController.m */; };
/* End PBXBuildFile section */

/* Begin PBXContainerItemProxy section */
		5FFA9FEC163228B100FB0DF5 /* PBXContainerItemProxy */ = {
			isa = PBXContainerItemProxy;
			containerPortal = 5FFA9FB7163228B100FB0DF5 /* Project object */;
			proxyType = 1;
			remoteGlobalIDString = 5FFA9FBF163228B100FB0DF5;
			remoteInfo = TalkingCalendar;
		};
/* End PBXContainerItemProxy section */

/* Begin PBXFileReference section */
		2A2919101644A6FF000462DF /* Icon-talking cal.png */ = {isa = PBXFileReference; lastKnownFileType = image.png; path = "Icon-talking cal.png"; sourceTree = "<group>"; };
		5FFA9FC0163228B100FB0DF5 /* TalkingCalendar.app */ = {isa = PBXFileReference; explicitFileType = wrapper.application; includeInIndex = 0; path = TalkingCalendar.app; sourceTree = BUILT_PRODUCTS_DIR; };
		5FFA9FC4163228B100FB0DF5 /* UIKit.framework */ = {isa = PBXFileReference; lastKnownFileType = wrapper.framework; name = UIKit.framework; path = System/Library/Frameworks/UIKit.framework; sourceTree = SDKROOT; };
		5FFA9FC6163228B100FB0DF5 /* Foundation.framework */ = {isa = PBXFileReference; lastKnownFileType = wrapper.framework; name = Foundation.framework; path = System/Library/Frameworks/Foundation.framework; sourceTree = SDKROOT; };
		5FFA9FC8163228B100FB0DF5 /* CoreGraphics.framework */ = {isa = PBXFileReference; lastKnownFileType = wrapper.framework; name = CoreGraphics.framework; path = System/Library/Frameworks/CoreGraphics.framework; sourceTree = SDKROOT; };
		5FFA9FCC163228B100FB0DF5 /* TalkingCalendar-Info.plist */ = {isa = PBXFileReference; lastKnownFileType = text.plist.xml; path = "TalkingCalendar-Info.plist"; sourceTree = "<group>"; };
		5FFA9FCE163228B100FB0DF5 /* en */ = {isa = PBXFileReference; lastKnownFileType = text.plist.strings; name = en; path = en.lproj/InfoPlist.strings; sourceTree = "<group>"; };
		5FFA9FD0163228B100FB0DF5 /* main.m */ = {isa = PBXFileReference; lastKnownFileType = sourcecode.c.objc; path = main.m; sourceTree = "<group>"; };
		5FFA9FD2163228B100FB0DF5 /* TalkingCalendar-Prefix.pch */ = {isa = PBXFileReference; lastKnownFileType = sourcecode.c.h; path = "TalkingCalendar-Prefix.pch"; sourceTree = "<group>"; };
		5FFA9FD3163228B100FB0DF5 /* AppDelegate.h */ = {isa = PBXFileReference; lastKnownFileType = sourcecode.c.h; path = AppDelegate.h; sourceTree = "<group>"; };
		5FFA9FD4163228B100FB0DF5 /* AppDelegate.m */ = {isa = PBXFileReference; lastKnownFileType = sourcecode.c.objc; path = AppDelegate.m; sourceTree = "<group>"; };
		5FFA9FD6163228B100FB0DF5 /* Default.png */ = {isa = PBXFileReference; lastKnownFileType = image.png; path = Default.png; sourceTree = "<group>"; };
		5FFA9FD8163228B100FB0DF5 /* Default@2x.png */ = {isa = PBXFileReference; lastKnownFileType = image.png; path = "Default@2x.png"; sourceTree = "<group>"; };
		5FFA9FDA163228B100FB0DF5 /* Default-568h@2x.png */ = {isa = PBXFileReference; lastKnownFileType = image.png; path = "Default-568h@2x.png"; sourceTree = "<group>"; };
		5FFA9FDD163228B100FB0DF5 /* en */ = {isa = PBXFileReference; lastKnownFileType = file.storyboard; name = en; path = en.lproj/MainStoryboard.storyboard; sourceTree = "<group>"; };
		5FFA9FDF163228B100FB0DF5 /* DayViewController.h */ = {isa = PBXFileReference; lastKnownFileType = sourcecode.c.h; path = DayViewController.h; sourceTree = "<group>"; };
		5FFA9FE0163228B100FB0DF5 /* DayViewController.m */ = {isa = PBXFileReference; lastKnownFileType = sourcecode.c.objc; path = DayViewController.m; sourceTree = "<group>"; };
		5FFA9FE7163228B100FB0DF5 /* TalkingCalendarTests.octest */ = {isa = PBXFileReference; explicitFileType = wrapper.cfbundle; includeInIndex = 0; path = TalkingCalendarTests.octest; sourceTree = BUILT_PRODUCTS_DIR; };
		5FFA9FE8163228B100FB0DF5 /* SenTestingKit.framework */ = {isa = PBXFileReference; lastKnownFileType = wrapper.framework; name = SenTestingKit.framework; path = Library/Frameworks/SenTestingKit.framework; sourceTree = DEVELOPER_DIR; };
		5FFA9FF0163228B100FB0DF5 /* TalkingCalendarTests-Info.plist */ = {isa = PBXFileReference; lastKnownFileType = text.plist.xml; path = "TalkingCalendarTests-Info.plist"; sourceTree = "<group>"; };
		5FFA9FF2163228B100FB0DF5 /* en */ = {isa = PBXFileReference; lastKnownFileType = text.plist.strings; name = en; path = en.lproj/InfoPlist.strings; sourceTree = "<group>"; };
		5FFA9FF4163228B100FB0DF5 /* TalkingCalendarTests.h */ = {isa = PBXFileReference; lastKnownFileType = sourcecode.c.h; path = TalkingCalendarTests.h; sourceTree = "<group>"; };
		5FFA9FF5163228B100FB0DF5 /* TalkingCalendarTests.m */ = {isa = PBXFileReference; lastKnownFileType = sourcecode.c.objc; path = TalkingCalendarTests.m; sourceTree = "<group>"; };
		5FFAA00E1634B54C00FB0DF5 /* WeekViewController.h */ = {isa = PBXFileReference; fileEncoding = 4; lastKnownFileType = sourcecode.c.h; path = WeekViewController.h; sourceTree = "<group>"; };
		5FFAA00F1634B54C00FB0DF5 /* WeekViewController.m */ = {isa = PBXFileReference; fileEncoding = 4; lastKnownFileType = sourcecode.c.objc; path = WeekViewController.m; sourceTree = "<group>"; };
		5FFAA0191634B63000FB0DF5 /* MonthViewController.h */ = {isa = PBXFileReference; fileEncoding = 4; lastKnownFileType = sourcecode.c.h; path = MonthViewController.h; sourceTree = "<group>"; };
		5FFAA01A1634B63000FB0DF5 /* MonthViewController.m */ = {isa = PBXFileReference; fileEncoding = 4; lastKnownFileType = sourcecode.c.objc; path = MonthViewController.m; sourceTree = "<group>"; };
		5FFAA01D1634B64800FB0DF5 /* YearViewController.h */ = {isa = PBXFileReference; fileEncoding = 4; lastKnownFileType = sourcecode.c.h; path = YearViewController.h; sourceTree = "<group>"; };
		5FFAA01E1634B64800FB0DF5 /* YearViewController.m */ = {isa = PBXFileReference; fileEncoding = 4; lastKnownFileType = sourcecode.c.objc; path = YearViewController.m; sourceTree = "<group>"; };
		5FFAA02A1634D4E000FB0DF5 /* MainViewController.h */ = {isa = PBXFileReference; fileEncoding = 4; lastKnownFileType = sourcecode.c.h; path = MainViewController.h; sourceTree = "<group>"; };
		5FFAA02B1634D4E000FB0DF5 /* MainViewController.m */ = {isa = PBXFileReference; fileEncoding = 4; lastKnownFileType = sourcecode.c.objc; path = MainViewController.m; sourceTree = "<group>"; };
/* End PBXFileReference section */

/* Begin PBXFrameworksBuildPhase section */
		5FFA9FBD163228B100FB0DF5 /* Frameworks */ = {
			isa = PBXFrameworksBuildPhase;
			buildActionMask = 2147483647;
			files = (
				5FFA9FC5163228B100FB0DF5 /* UIKit.framework in Frameworks */,
				5FFA9FC7163228B100FB0DF5 /* Foundation.framework in Frameworks */,
				5FFA9FC9163228B100FB0DF5 /* CoreGraphics.framework in Frameworks */,
			);
			runOnlyForDeploymentPostprocessing = 0;
		};
		5FFA9FE3163228B100FB0DF5 /* Frameworks */ = {
			isa = PBXFrameworksBuildPhase;
			buildActionMask = 2147483647;
			files = (
				5FFA9FE9163228B100FB0DF5 /* SenTestingKit.framework in Frameworks */,
				5FFA9FEA163228B100FB0DF5 /* UIKit.framework in Frameworks */,
				5FFA9FEB163228B100FB0DF5 /* Foundation.framework in Frameworks */,
			);
			runOnlyForDeploymentPostprocessing = 0;
		};
/* End PBXFrameworksBuildPhase section */

/* Begin PBXGroup section */
		5FFA9FB5163228B100FB0DF5 = {
			isa = PBXGroup;
			children = (
				2A2919101644A6FF000462DF /* Icon-talking cal.png */,
				5FFA9FCA163228B100FB0DF5 /* TalkingCalendar */,
				5FFA9FEE163228B100FB0DF5 /* TalkingCalendarTests */,
				5FFA9FC3163228B100FB0DF5 /* Frameworks */,
				5FFA9FC1163228B100FB0DF5 /* Products */,
			);
			sourceTree = "<group>";
		};
		5FFA9FC1163228B100FB0DF5 /* Products */ = {
			isa = PBXGroup;
			children = (
				5FFA9FC0163228B100FB0DF5 /* TalkingCalendar.app */,
				5FFA9FE7163228B100FB0DF5 /* TalkingCalendarTests.octest */,
			);
			name = Products;
			sourceTree = "<group>";
		};
		5FFA9FC3163228B100FB0DF5 /* Frameworks */ = {
			isa = PBXGroup;
			children = (
				5FFA9FC4163228B100FB0DF5 /* UIKit.framework */,
				5FFA9FC6163228B100FB0DF5 /* Foundation.framework */,
				5FFA9FC8163228B100FB0DF5 /* CoreGraphics.framework */,
				5FFA9FE8163228B100FB0DF5 /* SenTestingKit.framework */,
			);
			name = Frameworks;
			sourceTree = "<group>";
		};
		5FFA9FCA163228B100FB0DF5 /* TalkingCalendar */ = {
			isa = PBXGroup;
			children = (
				5FFA9FD3163228B100FB0DF5 /* AppDelegate.h */,
				5FFA9FD4163228B100FB0DF5 /* AppDelegate.m */,
				5FFA9FDC163228B100FB0DF5 /* MainStoryboard.storyboard */,
				5FFA9FDF163228B100FB0DF5 /* DayViewController.h */,
				5FFA9FE0163228B100FB0DF5 /* DayViewController.m */,
				5FFAA00E1634B54C00FB0DF5 /* WeekViewController.h */,
				5FFAA00F1634B54C00FB0DF5 /* WeekViewController.m */,
				5FFAA02A1634D4E000FB0DF5 /* MainViewController.h */,
				5FFAA02B1634D4E000FB0DF5 /* MainViewController.m */,
				5FFAA0191634B63000FB0DF5 /* MonthViewController.h */,
				5FFAA01A1634B63000FB0DF5 /* MonthViewController.m */,
				5FFAA01D1634B64800FB0DF5 /* YearViewController.h */,
				5FFAA01E1634B64800FB0DF5 /* YearViewController.m */,
				5FFA9FCB163228B100FB0DF5 /* Supporting Files */,
			);
			path = TalkingCalendar;
			sourceTree = "<group>";
		};
		5FFA9FCB163228B100FB0DF5 /* Supporting Files */ = {
			isa = PBXGroup;
			children = (
				5FFA9FCC163228B100FB0DF5 /* TalkingCalendar-Info.plist */,
				5FFA9FCD163228B100FB0DF5 /* InfoPlist.strings */,
				5FFA9FD0163228B100FB0DF5 /* main.m */,
				5FFA9FD2163228B100FB0DF5 /* TalkingCalendar-Prefix.pch */,
				5FFA9FD6163228B100FB0DF5 /* Default.png */,
				5FFA9FD8163228B100FB0DF5 /* Default@2x.png */,
				5FFA9FDA163228B100FB0DF5 /* Default-568h@2x.png */,
			);
			name = "Supporting Files";
			sourceTree = "<group>";
		};
		5FFA9FEE163228B100FB0DF5 /* TalkingCalendarTests */ = {
			isa = PBXGroup;
			children = (
				5FFA9FF4163228B100FB0DF5 /* TalkingCalendarTests.h */,
				5FFA9FF5163228B100FB0DF5 /* TalkingCalendarTests.m */,
				5FFA9FEF163228B100FB0DF5 /* Supporting Files */,
			);
			path = TalkingCalendarTests;
			sourceTree = "<group>";
		};
		5FFA9FEF163228B100FB0DF5 /* Supporting Files */ = {
			isa = PBXGroup;
			children = (
				5FFA9FF0163228B100FB0DF5 /* TalkingCalendarTests-Info.plist */,
				5FFA9FF1163228B100FB0DF5 /* InfoPlist.strings */,
			);
			name = "Supporting Files";
			sourceTree = "<group>";
		};
/* End PBXGroup section */

/* Begin PBXNativeTarget section */
		5FFA9FBF163228B100FB0DF5 /* TalkingCalendar */ = {
			isa = PBXNativeTarget;
			buildConfigurationList = 5FFA9FF9163228B100FB0DF5 /* Build configuration list for PBXNativeTarget "TalkingCalendar" */;
			buildPhases = (
				5FFA9FBC163228B100FB0DF5 /* Sources */,
				5FFA9FBD163228B100FB0DF5 /* Frameworks */,
				5FFA9FBE163228B100FB0DF5 /* Resources */,
			);
			buildRules = (
			);
			dependencies = (
			);
			name = TalkingCalendar;
			productName = TalkingCalendar;
			productReference = 5FFA9FC0163228B100FB0DF5 /* TalkingCalendar.app */;
			productType = "com.apple.product-type.application";
		};
		5FFA9FE6163228B100FB0DF5 /* TalkingCalendarTests */ = {
			isa = PBXNativeTarget;
			buildConfigurationList = 5FFA9FFC163228B100FB0DF5 /* Build configuration list for PBXNativeTarget "TalkingCalendarTests" */;
			buildPhases = (
				5FFA9FE2163228B100FB0DF5 /* Sources */,
				5FFA9FE3163228B100FB0DF5 /* Frameworks */,
				5FFA9FE4163228B100FB0DF5 /* Resources */,
				5FFA9FE5163228B100FB0DF5 /* ShellScript */,
			);
			buildRules = (
			);
			dependencies = (
				5FFA9FED163228B100FB0DF5 /* PBXTargetDependency */,
			);
			name = TalkingCalendarTests;
			productName = TalkingCalendarTests;
			productReference = 5FFA9FE7163228B100FB0DF5 /* TalkingCalendarTests.octest */;
			productType = "com.apple.product-type.bundle";
		};
/* End PBXNativeTarget section */

/* Begin PBXProject section */
		5FFA9FB7163228B100FB0DF5 /* Project object */ = {
			isa = PBXProject;
			attributes = {
				LastUpgradeCheck = 0450;
				ORGANIZATIONNAME = "Vito Wang";
			};
			buildConfigurationList = 5FFA9FBA163228B100FB0DF5 /* Build configuration list for PBXProject "TalkingCalendar" */;
			compatibilityVersion = "Xcode 3.2";
			developmentRegion = English;
			hasScannedForEncodings = 0;
			knownRegions = (
				en,
			);
			mainGroup = 5FFA9FB5163228B100FB0DF5;
			productRefGroup = 5FFA9FC1163228B100FB0DF5 /* Products */;
			projectDirPath = "";
			projectRoot = "";
			targets = (
				5FFA9FBF163228B100FB0DF5 /* TalkingCalendar */,
				5FFA9FE6163228B100FB0DF5 /* TalkingCalendarTests */,
			);
		};
/* End PBXProject section */

/* Begin PBXResourcesBuildPhase section */
		5FFA9FBE163228B100FB0DF5 /* Resources */ = {
			isa = PBXResourcesBuildPhase;
			buildActionMask = 2147483647;
			files = (
				5FFA9FCF163228B100FB0DF5 /* InfoPlist.strings in Resources */,
				5FFA9FD7163228B100FB0DF5 /* Default.png in Resources */,
				5FFA9FD9163228B100FB0DF5 /* Default@2x.png in Resources */,
				5FFA9FDB163228B100FB0DF5 /* Default-568h@2x.png in Resources */,
				5FFA9FDE163228B100FB0DF5 /* MainStoryboard.storyboard in Resources */,
				2A2919111644A6FF000462DF /* Icon-talking cal.png in Resources */,
			);
			runOnlyForDeploymentPostprocessing = 0;
		};
		5FFA9FE4163228B100FB0DF5 /* Resources */ = {
			isa = PBXResourcesBuildPhase;
			buildActionMask = 2147483647;
			files = (
				5FFA9FF3163228B100FB0DF5 /* InfoPlist.strings in Resources */,
				5FFAA0211634C24700FB0DF5 /* MainStoryboard.storyboard in Resources */,
			);
			runOnlyForDeploymentPostprocessing = 0;
		};
/* End PBXResourcesBuildPhase section */

/* Begin PBXShellScriptBuildPhase section */
		5FFA9FE5163228B100FB0DF5 /* ShellScript */ = {
			isa = PBXShellScriptBuildPhase;
			buildActionMask = 2147483647;
			files = (
			);
			inputPaths = (
			);
			outputPaths = (
			);
			runOnlyForDeploymentPostprocessing = 0;
			shellPath = /bin/sh;
			shellScript = "# Run the unit tests in this test bundle.\n\"${SYSTEM_DEVELOPER_DIR}/Tools/RunUnitTests\"\n";
		};
/* End PBXShellScriptBuildPhase section */

/* Begin PBXSourcesBuildPhase section */
		5FFA9FBC163228B100FB0DF5 /* Sources */ = {
			isa = PBXSourcesBuildPhase;
			buildActionMask = 2147483647;
			files = (
				5FFA9FD1163228B100FB0DF5 /* main.m in Sources */,
				5FFA9FD5163228B100FB0DF5 /* AppDelegate.m in Sources */,
				5FFA9FE1163228B100FB0DF5 /* DayViewController.m in Sources */,
				5FFAA0101634B54C00FB0DF5 /* WeekViewController.m in Sources */,
				5FFAA01B1634B63000FB0DF5 /* MonthViewController.m in Sources */,
				5FFAA01F1634B64800FB0DF5 /* YearViewController.m in Sources */,
				5FFAA02C1634D4E000FB0DF5 /* MainViewController.m in Sources */,
			);
			runOnlyForDeploymentPostprocessing = 0;
		};
		5FFA9FE2163228B100FB0DF5 /* Sources */ = {
			isa = PBXSourcesBuildPhase;
			buildActionMask = 2147483647;
			files = (
				5FFA9FF6163228B100FB0DF5 /* TalkingCalendarTests.m in Sources */,
				5FFAA0111634B54C00FB0DF5 /* WeekViewController.m in Sources */,
				5FFAA01C1634B63000FB0DF5 /* MonthViewController.m in Sources */,
				5FFAA0201634B64800FB0DF5 /* YearViewController.m in Sources */,
				5FFAA02D1634D4E000FB0DF5 /* MainViewController.m in Sources */,
			);
			runOnlyForDeploymentPostprocessing = 0;
		};
/* End PBXSourcesBuildPhase section */

/* Begin PBXTargetDependency section */
		5FFA9FED163228B100FB0DF5 /* PBXTargetDependency */ = {
			isa = PBXTargetDependency;
			target = 5FFA9FBF163228B100FB0DF5 /* TalkingCalendar */;
			targetProxy = 5FFA9FEC163228B100FB0DF5 /* PBXContainerItemProxy */;
		};
/* End PBXTargetDependency section */

/* Begin PBXVariantGroup section */
		5FFA9FCD163228B100FB0DF5 /* InfoPlist.strings */ = {
			isa = PBXVariantGroup;
			children = (
				5FFA9FCE163228B100FB0DF5 /* en */,
			);
			name = InfoPlist.strings;
			sourceTree = "<group>";
		};
		5FFA9FDC163228B100FB0DF5 /* MainStoryboard.storyboard */ = {
			isa = PBXVariantGroup;
			children = (
				5FFA9FDD163228B100FB0DF5 /* en */,
			);
			name = MainStoryboard.storyboard;
			sourceTree = "<group>";
		};
		5FFA9FF1163228B100FB0DF5 /* InfoPlist.strings */ = {
			isa = PBXVariantGroup;
			children = (
				5FFA9FF2163228B100FB0DF5 /* en */,
			);
			name = InfoPlist.strings;
			sourceTree = "<group>";
		};
/* End PBXVariantGroup section */

/* Begin XCBuildConfiguration section */
		5FFA9FF7163228B100FB0DF5 /* Debug */ = {
			isa = XCBuildConfiguration;
			buildSettings = {
				ALWAYS_SEARCH_USER_PATHS = NO;
				CLANG_CXX_LANGUAGE_STANDARD = "gnu++0x";
				CLANG_CXX_LIBRARY = "libc++";
				CLANG_ENABLE_OBJC_ARC = YES;
				CLANG_WARN_EMPTY_BODY = YES;
				CLANG_WARN__DUPLICATE_METHOD_MATCH = YES;
				"CODE_SIGN_IDENTITY[sdk=iphoneos*]" = "iPhone Developer";
				COPY_PHASE_STRIP = NO;
				GCC_C_LANGUAGE_STANDARD = gnu99;
				GCC_DYNAMIC_NO_PIC = NO;
				GCC_OPTIMIZATION_LEVEL = 0;
				GCC_PREPROCESSOR_DEFINITIONS = (
					"DEBUG=1",
					"$(inherited)",
				);
				GCC_SYMBOLS_PRIVATE_EXTERN = NO;
				GCC_WARN_ABOUT_RETURN_TYPE = YES;
				GCC_WARN_UNINITIALIZED_AUTOS = YES;
				GCC_WARN_UNUSED_VARIABLE = YES;
				IPHONEOS_DEPLOYMENT_TARGET = 6.0;
				ONLY_ACTIVE_ARCH = YES;
				SDKROOT = iphoneos;
			};
			name = Debug;
		};
		5FFA9FF8163228B100FB0DF5 /* Release */ = {
			isa = XCBuildConfiguration;
			buildSettings = {
				ALWAYS_SEARCH_USER_PATHS = NO;
				CLANG_CXX_LANGUAGE_STANDARD = "gnu++0x";
				CLANG_CXX_LIBRARY = "libc++";
				CLANG_ENABLE_OBJC_ARC = YES;
				CLANG_WARN_EMPTY_BODY = YES;
				CLANG_WARN__DUPLICATE_METHOD_MATCH = YES;
				"CODE_SIGN_IDENTITY[sdk=iphoneos*]" = "iPhone Developer";
				COPY_PHASE_STRIP = YES;
				GCC_C_LANGUAGE_STANDARD = gnu99;
				GCC_WARN_ABOUT_RETURN_TYPE = YES;
				GCC_WARN_UNINITIALIZED_AUTOS = YES;
				GCC_WARN_UNUSED_VARIABLE = YES;
				IPHONEOS_DEPLOYMENT_TARGET = 6.0;
				OTHER_CFLAGS = "-DNS_BLOCK_ASSERTIONS=1";
				SDKROOT = iphoneos;
				VALIDATE_PRODUCT = YES;
			};
			name = Release;
		};
		5FFA9FFA163228B100FB0DF5 /* Debug */ = {
			isa = XCBuildConfiguration;
			buildSettings = {
				GCC_PRECOMPILE_PREFIX_HEADER = YES;
				GCC_PREFIX_HEADER = "TalkingCalendar/TalkingCalendar-Prefix.pch";
				INFOPLIST_FILE = "TalkingCalendar/TalkingCalendar-Info.plist";
				IPHONEOS_DEPLOYMENT_TARGET = 5.0;
				PRODUCT_NAME = "$(TARGET_NAME)";
				WRAPPER_EXTENSION = app;
			};
			name = Debug;
		};
		5FFA9FFB163228B100FB0DF5 /* Release */ = {
			isa = XCBuildConfiguration;
			buildSettings = {
				GCC_PRECOMPILE_PREFIX_HEADER = YES;
				GCC_PREFIX_HEADER = "TalkingCalendar/TalkingCalendar-Prefix.pch";
				INFOPLIST_FILE = "TalkingCalendar/TalkingCalendar-Info.plist";
				IPHONEOS_DEPLOYMENT_TARGET = 5.0;
				PRODUCT_NAME = "$(TARGET_NAME)";
				WRAPPER_EXTENSION = app;
			};
			name = Release;
		};
		5FFA9FFD163228B100FB0DF5 /* Debug */ = {
			isa = XCBuildConfiguration;
			buildSettings = {
				BUNDLE_LOADER = "$(BUILT_PRODUCTS_DIR)/TalkingCalendar.app/TalkingCalendar";
				FRAMEWORK_SEARCH_PATHS = (
					"\"$(SDKROOT)/Developer/Library/Frameworks\"",
					"\"$(DEVELOPER_LIBRARY_DIR)/Frameworks\"",
				);
				GCC_PRECOMPILE_PREFIX_HEADER = YES;
				GCC_PREFIX_HEADER = "TalkingCalendar/TalkingCalendar-Prefix.pch";
				INFOPLIST_FILE = "TalkingCalendarTests/TalkingCalendarTests-Info.plist";
				PRODUCT_NAME = "$(TARGET_NAME)";
				TEST_HOST = "$(BUNDLE_LOADER)";
				WRAPPER_EXTENSION = octest;
			};
			name = Debug;
		};
		5FFA9FFE163228B100FB0DF5 /* Release */ = {
			isa = XCBuildConfiguration;
			buildSettings = {
				BUNDLE_LOADER = "$(BUILT_PRODUCTS_DIR)/TalkingCalendar.app/TalkingCalendar";
				FRAMEWORK_SEARCH_PATHS = (
					"\"$(SDKROOT)/Developer/Library/Frameworks\"",
					"\"$(DEVELOPER_LIBRARY_DIR)/Frameworks\"",
				);
				GCC_PRECOMPILE_PREFIX_HEADER = YES;
				GCC_PREFIX_HEADER = "TalkingCalendar/TalkingCalendar-Prefix.pch";
				INFOPLIST_FILE = "TalkingCalendarTests/TalkingCalendarTests-Info.plist";
				PRODUCT_NAME = "$(TARGET_NAME)";
				TEST_HOST = "$(BUNDLE_LOADER)";
				WRAPPER_EXTENSION = octest;
			};
			name = Release;
		};
/* End XCBuildConfiguration section */

/* Begin XCConfigurationList section */
		5FFA9FBA163228B100FB0DF5 /* Build configuration list for PBXProject "TalkingCalendar" */ = {
			isa = XCConfigurationList;
			buildConfigurations = (
				5FFA9FF7163228B100FB0DF5 /* Debug */,
				5FFA9FF8163228B100FB0DF5 /* Release */,
			);
			defaultConfigurationIsVisible = 0;
			defaultConfigurationName = Release;
		};
		5FFA9FF9163228B100FB0DF5 /* Build configuration list for PBXNativeTarget "TalkingCalendar" */ = {
			isa = XCConfigurationList;
			buildConfigurations = (
				5FFA9FFA163228B100FB0DF5 /* Debug */,
				5FFA9FFB163228B100FB0DF5 /* Release */,
			);
			defaultConfigurationIsVisible = 0;
			defaultConfigurationName = Release;
		};
		5FFA9FFC163228B100FB0DF5 /* Build configuration list for PBXNativeTarget "TalkingCalendarTests" */ = {
			isa = XCConfigurationList;
			buildConfigurations = (
				5FFA9FFD163228B100FB0DF5 /* Debug */,
				5FFA9FFE163228B100FB0DF5 /* Release */,
			);
			defaultConfigurationIsVisible = 0;
			defaultConfigurationName = Release;
		};
/* End XCConfigurationList section */
	};
	rootObject = 5FFA9FB7163228B100FB0DF5 /* Project object */;
}
